<?xml version="1.0" encoding="utf-8"?>
<Project ToolsVersion="4.0" xmlns="http://schemas.microsoft.com/developer/msbuild/2003">
  <ItemGroup>
    <Filter Include="Source Files">
      <UniqueIdentifier>{4FC737F1-C7A5-4376-A066-2A32D752A2FF}</UniqueIdentifier>
      <Extensions>cpp;c;cc;cxx;def;odl;idl;hpj;bat;asm;asmx</Extensions>
    </Filter>
    <Filter Include="Header Files">
      <UniqueIdentifier>{93995380-89BD-4b04-88EB-625FBE52EBFB}</UniqueIdentifier>
      <Extensions>h;hpp;hxx;hm;inl;inc;xsd</Extensions>
    </Filter>
    <Filter Include="Resource Files">
      <UniqueIdentifier>{67DA6AB6-F800-4c08-8B7A-83BB121AAD01}</UniqueIdentifier>
      <Extensions>rc;ico;cur;bmp;dlg;rc2;rct;bin;rgs;gif;jpg;jpeg;jpe;resx;tiff;tif;png;wav;mfcribbon-ms</Extensions>
    </Filter>
    <Filter Include="bgi">
      <UniqueIdentifier>{f63753fb-ef06-4dd6-857a-8a12f7e5a508}</UniqueIdentifier>
    </Filter>
    <Filter Include="bgi\Header Files">
      <UniqueIdentifier>{9a3a612e-c538-4e45-b75b-d58c408f1585}</UniqueIdentifier>
    </Filter>
    <Filter Include="Arduino">
      <UniqueIdentifier>{0185ea6b-7808-46d6-acf2-e31f91b4fc57}</UniqueIdentifier>
    </Filter>
    <Filter Include="Arduino\Header Files">
      <UniqueIdentifier>{e03ea847-a073-41a4-868d-6638a4f5ba14}</UniqueIdentifier>
    </Filter>
  </ItemGroup>
  <ItemGroup>
    <ClCompile Include="src\graphics\bgiout.cxx">
      <Filter>bgi</Filter>
    </ClCompile>
    <ClCompile Include="src\graphics\dibutil.cxx">
      <Filter>bgi</Filter>
    </ClCompile>
    <ClCompile Include="src\graphics\drawing.cxx">
      <Filter>bgi</Filter>
    </ClCompile>
    <ClCompile Include="src\graphics\file.cxx">
      <Filter>bgi</Filter>
    </ClCompile>
    <ClCompile Include="src\graphics\mouse.cxx">
      <Filter>bgi</Filter>
    </ClCompile>
    <ClCompile Include="src\graphics\palette.cxx">
      <Filter>bgi</Filter>
    </ClCompile>
    <ClCompile Include="src\graphics\text.cxx">
      <Filter>bgi</Filter>
    </ClCompile>
    <ClCompile Include="src\graphics\winbgi.cxx">
      <Filter>bgi</Filter>
    </ClCompile>
    <ClCompile Include="src\graphics\winthread.cxx">
      <Filter>bgi</Filter>
    </ClCompile>
    <ClCompile Include="src\main.cxx">
      <Filter>Source Files</Filter>
    </ClCompile>
    <ClCompile Include="src\emulator\Emulator.cpp">
      <Filter>Source Files</Filter>
    </ClCompile>
    <ClCompile Include="src\graphics\misc.cxx">
      <Filter>Source Files</Filter>
    </ClCompile>
    <ClCompile Include="src\arduino\SourceDummy.cpp">
      <Filter>Source Files</Filter>
    </ClCompile>
    <ClCompile Include="..\..\..\examples\SnakeGame\Keyboard.cpp">
      <Filter>Source Files</Filter>
    </ClCompile>
    <ClCompile Include="..\..\..\examples\SnakeGame\Snake.cpp">
      <Filter>Source Files</Filter>
    </ClCompile>
    <ClCompile Include="..\..\..\src\xOS.c">
      <Filter>Source Files</Filter>
    </ClCompile>
  </ItemGroup>
  <ItemGroup>
    <ClInclude Include="src\graphics\dibutil.h">
      <Filter>bgi\Header Files</Filter>
    </ClInclude>
    <ClInclude Include="src\graphics\graphics.h">
      <Filter>bgi\Header Files</Filter>
    </ClInclude>
    <ClInclude Include="src\graphics\winbgi.h">
      <Filter>bgi\Header Files</Filter>
    </ClInclude>
    <ClInclude Include="src\graphics\winbgim.h">
      <Filter>bgi\Header Files</Filter>
    </ClInclude>
    <ClInclude Include="src\graphics\winbgitypes.h">
      <Filter>bgi\Header Files</Filter>
    </ClInclude>
    <ClInclude Include="src\emulator\Emulator.h">
      <Filter>Header Files</Filter>
    </ClInclude>
    <ClInclude Include="src\emulator\Arduino.h">
      <Filter>Arduino\Header Files</Filter>
    </ClInclude>
    <ClInclude Include="src\emulator\DualFunctionButton.h">
      <Filter>Arduino\Header Files</Filter>
    </ClInclude>
    <ClInclude Include="src\graphics\dibapi.h">
      <Filter>Header Files</Filter>
    </ClInclude>
    <ClInclude Include="src\emulator\ArcadeBundle.h">
      <Filter>Arduino\Header Files</Filter>
    </ClInclude>
    <ClInclude Include="..\..\..\examples\SnakeGame\Keyboard.h">
      <Filter>Header Files</Filter>
    </ClInclude>
    <ClInclude Include="..\..\..\examples\SnakeGame\Snake.h">
      <Filter>Header Files</Filter>
    </ClInclude>
    <ClInclude Include="..\..\..\src\xOS.h">
      <Filter>Header Files</Filter>
    </ClInclude>
  </ItemGroup>
</Project>